
Microsoft Visual Studio Solution File, Format Version 11.00
# Visual C# Express 2010
Project("{FAE04EC0-301F-11D3-BF4B-00C04F79EFBC}") = "PCLParaphernalia", "PCLParaphernalia\PCLParaphernalia.csproj", "{AFDDD5FF-9956-47DB-9F70-17174CD24A39}"
EndProject
Global
	GlobalSection(SolutionConfigurationPlatforms) = preSolution
		Debug|Any CPU = Debug|Any CPU
		Release|Any CPU = Release|Any CPU
	EndGlobalSection
	GlobalSection(ProjectConfigurationPlatforms) = postSolution
		{AFDDD5FF-9956-47DB-9F70-17174CD24A39}.Debug|Any CPU.ActiveCfg = Debug|Any CPU
		{AFDDD5FF-9956-47DB-9F70-17174CD24A39}.Debug|Any CPU.Build.0 = Debug|Any CPU
		{AFDDD5FF-9956-47DB-9F70-17174CD24A39}.Release|Any CPU.ActiveCfg = Release|Any CPU
		{AFDDD5FF-9956-47DB-9F70-17174CD24A39}.Release|Any CPU.Build.0 = Release|Any CPU
	EndGlobalSection
	GlobalSection(SolutionProperties) = preSolution
		HideSolutionNode = FALSE
	EndGlobalSection
EndGlobal
